
Microsoft Visual Studio Solution File, Format Version 12.00
# Visual Studio 15
VisualStudioVersion = 15.0.28307.1062
MinimumVisualStudioVersion = 10.0.40219.1
Project("{FAE04EC0-301F-11D3-BF4B-00C04F79EFBC}") = "WpfAppGame", "WpfAppGame\WpfAppGame.csproj", "{32C5A33F-CC8B-49B4-B832-D9E7FCCF326E}"
EndProject
Global
	GlobalSection(SolutionConfigurationPlatforms) = preSolution
		Debug|Any CPU = Debug|Any CPU
		Release|Any CPU = Release|Any CPU
	EndGlobalSection
	GlobalSection(ProjectConfigurationPlatforms) = postSolution
		{32C5A33F-CC8B-49B4-B832-D9E7FCCF326E}.Debug|Any CPU.ActiveCfg = Debug|Any CPU
		{32C5A33F-CC8B-49B4-B832-D9E7FCCF326E}.Debug|Any CPU.Build.0 = Debug|Any CPU
		{32C5A33F-CC8B-49B4-B832-D9E7FCCF326E}.Release|Any CPU.ActiveCfg = Release|Any CPU
		{32C5A33F-CC8B-49B4-B832-D9E7FCCF326E}.Release|Any CPU.Build.0 = Release|Any CPU
	EndGlobalSection
	GlobalSection(SolutionProperties) = preSolution
		HideSolutionNode = FALSE
	EndGlobalSection
	GlobalSection(ExtensibilityGlobals) = postSolution
		SolutionGuid = {C31009F7-D0F2-4737-B44B-5913EFAEB173}
	EndGlobalSection
EndGlobal
