
Microsoft Visual Studio Solution File, Format Version 12.00
# Visual Studio 15
VisualStudioVersion = 15.0.28307.645
MinimumVisualStudioVersion = 10.0.40219.1
Project("{FAE04EC0-301F-11D3-BF4B-00C04F79EFBC}") = "WpfAppProccess", "WpfAppProccess\WpfAppProccess.csproj", "{390B36DA-C7EB-4FF9-A4C4-00CE65B019A4}"
EndProject
Global
	GlobalSection(SolutionConfigurationPlatforms) = preSolution
		Debug|Any CPU = Debug|Any CPU
		Release|Any CPU = Release|Any CPU
	EndGlobalSection
	GlobalSection(ProjectConfigurationPlatforms) = postSolution
		{390B36DA-C7EB-4FF9-A4C4-00CE65B019A4}.Debug|Any CPU.ActiveCfg = Debug|Any CPU
		{390B36DA-C7EB-4FF9-A4C4-00CE65B019A4}.Debug|Any CPU.Build.0 = Debug|Any CPU
		{390B36DA-C7EB-4FF9-A4C4-00CE65B019A4}.Release|Any CPU.ActiveCfg = Release|Any CPU
		{390B36DA-C7EB-4FF9-A4C4-00CE65B019A4}.Release|Any CPU.Build.0 = Release|Any CPU
	EndGlobalSection
	GlobalSection(SolutionProperties) = preSolution
		HideSolutionNode = FALSE
	EndGlobalSection
	GlobalSection(ExtensibilityGlobals) = postSolution
		SolutionGuid = {AE705D3A-D2EB-4D0B-AAC8-F64B96190D69}
	EndGlobalSection
EndGlobal
