
Microsoft Visual Studio Solution File, Format Version 12.00
# Visual Studio 15
VisualStudioVersion = 15.0.28307.645
MinimumVisualStudioVersion = 10.0.40219.1
Project("{FAE04EC0-301F-11D3-BF4B-00C04F79EFBC}") = "DAL", "DAL\DAL.csproj", "{B4939B6D-25FF-4EBE-B792-BD6B43F274FD}"
EndProject
Project("{FAE04EC0-301F-11D3-BF4B-00C04F79EFBC}") = "UI", "UI\UI.csproj", "{1B24B29D-2EA2-4BD6-82FA-6F0A0C7324A0}"
EndProject
Project("{FAE04EC0-301F-11D3-BF4B-00C04F79EFBC}") = "BLL", "BLL\BLL.csproj", "{F58E6995-F337-416E-BD13-40AC4EF72FDB}"
EndProject
Global
	GlobalSection(SolutionConfigurationPlatforms) = preSolution
		Debug|Any CPU = Debug|Any CPU
		Release|Any CPU = Release|Any CPU
	EndGlobalSection
	GlobalSection(ProjectConfigurationPlatforms) = postSolution
		{B4939B6D-25FF-4EBE-B792-BD6B43F274FD}.Debug|Any CPU.ActiveCfg = Debug|Any CPU
		{B4939B6D-25FF-4EBE-B792-BD6B43F274FD}.Debug|Any CPU.Build.0 = Debug|Any CPU
		{B4939B6D-25FF-4EBE-B792-BD6B43F274FD}.Release|Any CPU.ActiveCfg = Release|Any CPU
		{B4939B6D-25FF-4EBE-B792-BD6B43F274FD}.Release|Any CPU.Build.0 = Release|Any CPU
		{1B24B29D-2EA2-4BD6-82FA-6F0A0C7324A0}.Debug|Any CPU.ActiveCfg = Debug|Any CPU
		{1B24B29D-2EA2-4BD6-82FA-6F0A0C7324A0}.Debug|Any CPU.Build.0 = Debug|Any CPU
		{1B24B29D-2EA2-4BD6-82FA-6F0A0C7324A0}.Release|Any CPU.ActiveCfg = Release|Any CPU
		{1B24B29D-2EA2-4BD6-82FA-6F0A0C7324A0}.Release|Any CPU.Build.0 = Release|Any CPU
		{F58E6995-F337-416E-BD13-40AC4EF72FDB}.Debug|Any CPU.ActiveCfg = Debug|Any CPU
		{F58E6995-F337-416E-BD13-40AC4EF72FDB}.Debug|Any CPU.Build.0 = Debug|Any CPU
		{F58E6995-F337-416E-BD13-40AC4EF72FDB}.Release|Any CPU.ActiveCfg = Release|Any CPU
		{F58E6995-F337-416E-BD13-40AC4EF72FDB}.Release|Any CPU.Build.0 = Release|Any CPU
	EndGlobalSection
	GlobalSection(SolutionProperties) = preSolution
		HideSolutionNode = FALSE
	EndGlobalSection
	GlobalSection(ExtensibilityGlobals) = postSolution
		SolutionGuid = {F1794BE1-373E-4769-B9B3-5BA976D13C66}
	EndGlobalSection
EndGlobal
