
Microsoft Visual Studio Solution File, Format Version 12.00
# Visual Studio 15
VisualStudioVersion = 15.0.28307.136
MinimumVisualStudioVersion = 10.0.40219.1
Project("{FAE04EC0-301F-11D3-BF4B-00C04F79EFBC}") = "WpfAppMail", "WpfAppMail\WpfAppMail.csproj", "{44720959-37E6-4B80-9F4F-A0B984E92D32}"
EndProject
Global
	GlobalSection(SolutionConfigurationPlatforms) = preSolution
		Debug|Any CPU = Debug|Any CPU
		Release|Any CPU = Release|Any CPU
	EndGlobalSection
	GlobalSection(ProjectConfigurationPlatforms) = postSolution
		{44720959-37E6-4B80-9F4F-A0B984E92D32}.Debug|Any CPU.ActiveCfg = Debug|Any CPU
		{44720959-37E6-4B80-9F4F-A0B984E92D32}.Debug|Any CPU.Build.0 = Debug|Any CPU
		{44720959-37E6-4B80-9F4F-A0B984E92D32}.Release|Any CPU.ActiveCfg = Release|Any CPU
		{44720959-37E6-4B80-9F4F-A0B984E92D32}.Release|Any CPU.Build.0 = Release|Any CPU
	EndGlobalSection
	GlobalSection(SolutionProperties) = preSolution
		HideSolutionNode = FALSE
	EndGlobalSection
	GlobalSection(ExtensibilityGlobals) = postSolution
		SolutionGuid = {70E480B5-4DB0-4695-A3C2-466F85B2845B}
	EndGlobalSection
EndGlobal
