
Microsoft Visual Studio Solution File, Format Version 12.00
# Visual Studio 15
VisualStudioVersion = 15.0.28307.136
MinimumVisualStudioVersion = 10.0.40219.1
Project("{FAE04EC0-301F-11D3-BF4B-00C04F79EFBC}") = "WpfAppTanksDLL", "WpfAppTanksDLL\WpfAppTanksDLL.csproj", "{8EF987C1-7152-40C4-B105-A942E3FD1BFD}"
EndProject
Project("{FAE04EC0-301F-11D3-BF4B-00C04F79EFBC}") = "TanksLib", "ClassLibrary\TanksLib.csproj", "{9EDCB3DE-63A0-456D-BBCB-7DBCECC1FD0A}"
EndProject
Global
	GlobalSection(SolutionConfigurationPlatforms) = preSolution
		Debug|Any CPU = Debug|Any CPU
		Release|Any CPU = Release|Any CPU
	EndGlobalSection
	GlobalSection(ProjectConfigurationPlatforms) = postSolution
		{8EF987C1-7152-40C4-B105-A942E3FD1BFD}.Debug|Any CPU.ActiveCfg = Debug|Any CPU
		{8EF987C1-7152-40C4-B105-A942E3FD1BFD}.Debug|Any CPU.Build.0 = Debug|Any CPU
		{8EF987C1-7152-40C4-B105-A942E3FD1BFD}.Release|Any CPU.ActiveCfg = Release|Any CPU
		{8EF987C1-7152-40C4-B105-A942E3FD1BFD}.Release|Any CPU.Build.0 = Release|Any CPU
		{9EDCB3DE-63A0-456D-BBCB-7DBCECC1FD0A}.Debug|Any CPU.ActiveCfg = Debug|Any CPU
		{9EDCB3DE-63A0-456D-BBCB-7DBCECC1FD0A}.Debug|Any CPU.Build.0 = Debug|Any CPU
		{9EDCB3DE-63A0-456D-BBCB-7DBCECC1FD0A}.Release|Any CPU.ActiveCfg = Release|Any CPU
		{9EDCB3DE-63A0-456D-BBCB-7DBCECC1FD0A}.Release|Any CPU.Build.0 = Release|Any CPU
	EndGlobalSection
	GlobalSection(SolutionProperties) = preSolution
		HideSolutionNode = FALSE
	EndGlobalSection
	GlobalSection(ExtensibilityGlobals) = postSolution
		SolutionGuid = {E9FCC3B4-A693-4515-B2EA-ECC94AC4D6F9}
	EndGlobalSection
EndGlobal
