
Microsoft Visual Studio Solution File, Format Version 12.00
# Visual Studio 15
VisualStudioVersion = 15.0.28307.136
MinimumVisualStudioVersion = 10.0.40219.1
Project("{FAE04EC0-301F-11D3-BF4B-00C04F79EFBC}") = "ConsoleAppScreenshotClient", "ConsoleAppScreenshotClient\ConsoleAppScreenshotClient.csproj", "{FF6215F9-A4B3-420B-B4FB-1ED3075241A6}"
EndProject
Global
	GlobalSection(SolutionConfigurationPlatforms) = preSolution
		Debug|Any CPU = Debug|Any CPU
		Release|Any CPU = Release|Any CPU
	EndGlobalSection
	GlobalSection(ProjectConfigurationPlatforms) = postSolution
		{FF6215F9-A4B3-420B-B4FB-1ED3075241A6}.Debug|Any CPU.ActiveCfg = Debug|Any CPU
		{FF6215F9-A4B3-420B-B4FB-1ED3075241A6}.Debug|Any CPU.Build.0 = Debug|Any CPU
		{FF6215F9-A4B3-420B-B4FB-1ED3075241A6}.Release|Any CPU.ActiveCfg = Release|Any CPU
		{FF6215F9-A4B3-420B-B4FB-1ED3075241A6}.Release|Any CPU.Build.0 = Release|Any CPU
	EndGlobalSection
	GlobalSection(SolutionProperties) = preSolution
		HideSolutionNode = FALSE
	EndGlobalSection
	GlobalSection(ExtensibilityGlobals) = postSolution
		SolutionGuid = {B085B124-FF99-4970-AB70-9F2833E36F9D}
	EndGlobalSection
EndGlobal
