
Microsoft Visual Studio Solution File, Format Version 12.00
# Visual Studio 15
VisualStudioVersion = 15.0.28307.136
MinimumVisualStudioVersion = 10.0.40219.1
Project("{FAE04EC0-301F-11D3-BF4B-00C04F79EFBC}") = "05.04.2020", "05.04.2020\05.04.2020.csproj", "{347FEC78-44BF-45B5-A9E6-A9915F562461}"
EndProject
Global
	GlobalSection(SolutionConfigurationPlatforms) = preSolution
		Debug|Any CPU = Debug|Any CPU
		Release|Any CPU = Release|Any CPU
	EndGlobalSection
	GlobalSection(ProjectConfigurationPlatforms) = postSolution
		{347FEC78-44BF-45B5-A9E6-A9915F562461}.Debug|Any CPU.ActiveCfg = Debug|Any CPU
		{347FEC78-44BF-45B5-A9E6-A9915F562461}.Debug|Any CPU.Build.0 = Debug|Any CPU
		{347FEC78-44BF-45B5-A9E6-A9915F562461}.Release|Any CPU.ActiveCfg = Release|Any CPU
		{347FEC78-44BF-45B5-A9E6-A9915F562461}.Release|Any CPU.Build.0 = Release|Any CPU
	EndGlobalSection
	GlobalSection(SolutionProperties) = preSolution
		HideSolutionNode = FALSE
	EndGlobalSection
	GlobalSection(ExtensibilityGlobals) = postSolution
		SolutionGuid = {3C04B3F3-6DBC-4CC9-8E57-B14641664DB0}
	EndGlobalSection
EndGlobal
