
Microsoft Visual Studio Solution File, Format Version 12.00
# Visual Studio 15
VisualStudioVersion = 15.0.28307.645
MinimumVisualStudioVersion = 10.0.40219.1
Project("{FAE04EC0-301F-11D3-BF4B-00C04F79EFBC}") = "WpfAppDLL", "WpfAppDLL\WpfAppDLL.csproj", "{B2CF2ACB-B228-45D3-81EA-9F9BEEF8B6B1}"
EndProject
Global
	GlobalSection(SolutionConfigurationPlatforms) = preSolution
		Debug|Any CPU = Debug|Any CPU
		Release|Any CPU = Release|Any CPU
	EndGlobalSection
	GlobalSection(ProjectConfigurationPlatforms) = postSolution
		{B2CF2ACB-B228-45D3-81EA-9F9BEEF8B6B1}.Debug|Any CPU.ActiveCfg = Debug|Any CPU
		{B2CF2ACB-B228-45D3-81EA-9F9BEEF8B6B1}.Debug|Any CPU.Build.0 = Debug|Any CPU
		{B2CF2ACB-B228-45D3-81EA-9F9BEEF8B6B1}.Release|Any CPU.ActiveCfg = Release|Any CPU
		{B2CF2ACB-B228-45D3-81EA-9F9BEEF8B6B1}.Release|Any CPU.Build.0 = Release|Any CPU
	EndGlobalSection
	GlobalSection(SolutionProperties) = preSolution
		HideSolutionNode = FALSE
	EndGlobalSection
	GlobalSection(ExtensibilityGlobals) = postSolution
		SolutionGuid = {EFD21D08-BD33-4AD7-8F7A-A62C66BE312A}
	EndGlobalSection
EndGlobal
