
Microsoft Visual Studio Solution File, Format Version 12.00
# Visual Studio 15
VisualStudioVersion = 15.0.28307.136
MinimumVisualStudioVersion = 10.0.40219.1
Project("{FAE04EC0-301F-11D3-BF4B-00C04F79EFBC}") = "20.03.2020", "20.03.2020\20.03.2020.csproj", "{A1CF4ED5-943A-4651-B5D3-7590EF536E47}"
EndProject
Global
	GlobalSection(SolutionConfigurationPlatforms) = preSolution
		Debug|Any CPU = Debug|Any CPU
		Release|Any CPU = Release|Any CPU
	EndGlobalSection
	GlobalSection(ProjectConfigurationPlatforms) = postSolution
		{A1CF4ED5-943A-4651-B5D3-7590EF536E47}.Debug|Any CPU.ActiveCfg = Debug|Any CPU
		{A1CF4ED5-943A-4651-B5D3-7590EF536E47}.Debug|Any CPU.Build.0 = Debug|Any CPU
		{A1CF4ED5-943A-4651-B5D3-7590EF536E47}.Release|Any CPU.ActiveCfg = Release|Any CPU
		{A1CF4ED5-943A-4651-B5D3-7590EF536E47}.Release|Any CPU.Build.0 = Release|Any CPU
	EndGlobalSection
	GlobalSection(SolutionProperties) = preSolution
		HideSolutionNode = FALSE
	EndGlobalSection
	GlobalSection(ExtensibilityGlobals) = postSolution
		SolutionGuid = {3B4792DA-2DC3-4A91-9D55-17B7E39AF8C5}
	EndGlobalSection
EndGlobal
