
Microsoft Visual Studio Solution File, Format Version 12.00
# Visual Studio 15
VisualStudioVersion = 15.0.28307.645
MinimumVisualStudioVersion = 10.0.40219.1
Project("{FAE04EC0-301F-11D3-BF4B-00C04F79EFBC}") = "WpfAppCrypt", "WpfAppCrypt\WpfAppCrypt.csproj", "{0D754DF9-D60B-447D-B714-8CBBB1B04CF0}"
EndProject
Global
	GlobalSection(SolutionConfigurationPlatforms) = preSolution
		Debug|Any CPU = Debug|Any CPU
		Release|Any CPU = Release|Any CPU
	EndGlobalSection
	GlobalSection(ProjectConfigurationPlatforms) = postSolution
		{0D754DF9-D60B-447D-B714-8CBBB1B04CF0}.Debug|Any CPU.ActiveCfg = Debug|Any CPU
		{0D754DF9-D60B-447D-B714-8CBBB1B04CF0}.Debug|Any CPU.Build.0 = Debug|Any CPU
		{0D754DF9-D60B-447D-B714-8CBBB1B04CF0}.Release|Any CPU.ActiveCfg = Release|Any CPU
		{0D754DF9-D60B-447D-B714-8CBBB1B04CF0}.Release|Any CPU.Build.0 = Release|Any CPU
	EndGlobalSection
	GlobalSection(SolutionProperties) = preSolution
		HideSolutionNode = FALSE
	EndGlobalSection
	GlobalSection(ExtensibilityGlobals) = postSolution
		SolutionGuid = {1FA29E72-578A-4F1F-B8B3-BB5FD3A9B931}
	EndGlobalSection
EndGlobal
